// !$*UTF8*$!
{
	archiveVersion = 1;
	classes = {
	};
	objectVersion = 50;
	objects = {

/* Begin PBXBuildFile section */
		11FF3D2422A0027F00CB6C2F /* AppDelegate.swift in Sources */ = {isa = PBXBuildFile; fileRef = 11FF3D2322A0027F00CB6C2F /* AppDelegate.swift */; };
		11FF3D2622A0027F00CB6C2F /* ViewController.swift in Sources */ = {isa = PBXBuildFile; fileRef = 11FF3D2522A0027F00CB6C2F /* ViewController.swift */; };
		11FF3D2922A0027F00CB6C2F /* Main.storyboard in Resources */ = {isa = PBXBuildFile; fileRef = 11FF3D2722A0027F00CB6C2F /* Main.storyboard */; };
		11FF3D2B22A0028100CB6C2F /* Assets.xcassets in Resources */ = {isa = PBXBuildFile; fileRef = 11FF3D2A22A0028100CB6C2F /* Assets.xcassets */; };
		11FF3D2E22A0028100CB6C2F /* LaunchScreen.storyboard in Resources */ = {isa = PBXBuildFile; fileRef = 11FF3D2C22A0028100CB6C2F /* LaunchScreen.storyboard */; };
		11FF3D3722A002AE00CB6C2F /* KTWebViewController.swift in Sources */ = {isa = PBXBuildFile; fileRef = 11FF3D3522A002AE00CB6C2F /* KTWebViewController.swift */; };
		11FF3D3822A002AE00CB6C2F /* KTWebViewController.xib in Resources */ = {isa = PBXBuildFile; fileRef = 11FF3D3622A002AE00CB6C2F /* KTWebViewController.xib */; };
		11FF3D3C22A0068B00CB6C2F /* ic_back.png in Resources */ = {isa = PBXBuildFile; fileRef = 11FF3D3A22A0068B00CB6C2F /* ic_back.png */; };
		11FF3D3D22A0068B00CB6C2F /* ic_forward.png in Resources */ = {isa = PBXBuildFile; fileRef = 11FF3D3B22A0068B00CB6C2F /* ic_forward.png */; };
		11FF3D3F22A007AF00CB6C2F /* close.png in Resources */ = {isa = PBXBuildFile; fileRef = 11FF3D3E22A007AF00CB6C2F /* close.png */; };
		11FF3D4122A009B000CB6C2F /* refresh.png in Resources */ = {isa = PBXBuildFile; fileRef = 11FF3D4022A009B000CB6C2F /* refresh.png */; };
/* End PBXBuildFile section */

/* Begin PBXFileReference section */
		11FF3D2022A0027F00CB6C2F /* KTWebView.app */ = {isa = PBXFileReference; explicitFileType = wrapper.application; includeInIndex = 0; path = KTWebView.app; sourceTree = BUILT_PRODUCTS_DIR; };
		11FF3D2322A0027F00CB6C2F /* AppDelegate.swift */ = {isa = PBXFileReference; lastKnownFileType = sourcecode.swift; path = AppDelegate.swift; sourceTree = "<group>"; };
		11FF3D2522A0027F00CB6C2F /* ViewController.swift */ = {isa = PBXFileReference; lastKnownFileType = sourcecode.swift; path = ViewController.swift; sourceTree = "<group>"; };
		11FF3D2822A0027F00CB6C2F /* Base */ = {isa = PBXFileReference; lastKnownFileType = file.storyboard; name = Base; path = Base.lproj/Main.storyboard; sourceTree = "<group>"; };
		11FF3D2A22A0028100CB6C2F /* Assets.xcassets */ = {isa = PBXFileReference; lastKnownFileType = folder.assetcatalog; path = Assets.xcassets; sourceTree = "<group>"; };
		11FF3D2D22A0028100CB6C2F /* Base */ = {isa = PBXFileReference; lastKnownFileType = file.storyboard; name = Base; path = Base.lproj/LaunchScreen.storyboard; sourceTree = "<group>"; };
		11FF3D2F22A0028100CB6C2F /* Info.plist */ = {isa = PBXFileReference; lastKnownFileType = text.plist.xml; path = Info.plist; sourceTree = "<group>"; };
		11FF3D3522A002AE00CB6C2F /* KTWebViewController.swift */ = {isa = PBXFileReference; lastKnownFileType = sourcecode.swift; path = KTWebViewController.swift; sourceTree = "<group>"; };
		11FF3D3622A002AE00CB6C2F /* KTWebViewController.xib */ = {isa = PBXFileReference; lastKnownFileType = file.xib; path = KTWebViewController.xib; sourceTree = "<group>"; };
		11FF3D3A22A0068B00CB6C2F /* ic_back.png */ = {isa = PBXFileReference; lastKnownFileType = image.png; path = ic_back.png; sourceTree = "<group>"; };
		11FF3D3B22A0068B00CB6C2F /* ic_forward.png */ = {isa = PBXFileReference; lastKnownFileType = image.png; path = ic_forward.png; sourceTree = "<group>"; };
		11FF3D3E22A007AF00CB6C2F /* close.png */ = {isa = PBXFileReference; lastKnownFileType = image.png; path = close.png; sourceTree = "<group>"; };
		11FF3D4022A009B000CB6C2F /* refresh.png */ = {isa = PBXFileReference; lastKnownFileType = image.png; path = refresh.png; sourceTree = "<group>"; };
/* End PBXFileReference section */

/* Begin PBXFrameworksBuildPhase section */
		11FF3D1D22A0027F00CB6C2F /* Frameworks */ = {
			isa = PBXFrameworksBuildPhase;
			buildActionMask = 2147483647;
			files = (
			);
			runOnlyForDeploymentPostprocessing = 0;
		};
/* End PBXFrameworksBuildPhase section */

/* Begin PBXGroup section */
		11FF3D1722A0027F00CB6C2F = {
			isa = PBXGroup;
			children = (
				11FF3D2222A0027F00CB6C2F /* KTWebView */,
				11FF3D2122A0027F00CB6C2F /* Products */,
			);
			sourceTree = "<group>";
		};
		11FF3D2122A0027F00CB6C2F /* Products */ = {
			isa = PBXGroup;
			children = (
				11FF3D2022A0027F00CB6C2F /* KTWebView.app */,
			);
			name = Products;
			sourceTree = "<group>";
		};
		11FF3D2222A0027F00CB6C2F /* KTWebView */ = {
			isa = PBXGroup;
			children = (
				11FF3D3922A002D400CB6C2F /* Source */,
				11FF3D2322A0027F00CB6C2F /* AppDelegate.swift */,
				11FF3D2522A0027F00CB6C2F /* ViewController.swift */,
				11FF3D2722A0027F00CB6C2F /* Main.storyboard */,
				11FF3D2A22A0028100CB6C2F /* Assets.xcassets */,
				11FF3D2C22A0028100CB6C2F /* LaunchScreen.storyboard */,
				11FF3D2F22A0028100CB6C2F /* Info.plist */,
			);
			path = KTWebView;
			sourceTree = "<group>";
		};
		11FF3D3922A002D400CB6C2F /* Source */ = {
			isa = PBXGroup;
			children = (
				11FF3D3A22A0068B00CB6C2F /* ic_back.png */,
				11FF3D3B22A0068B00CB6C2F /* ic_forward.png */,
				11FF3D3E22A007AF00CB6C2F /* close.png */,
				11FF3D4022A009B000CB6C2F /* refresh.png */,
				11FF3D3522A002AE00CB6C2F /* KTWebViewController.swift */,
				11FF3D3622A002AE00CB6C2F /* KTWebViewController.xib */,
			);
			path = Source;
			sourceTree = "<group>";
		};
/* End PBXGroup section */

/* Begin PBXNativeTarget section */
		11FF3D1F22A0027F00CB6C2F /* KTWebView */ = {
			isa = PBXNativeTarget;
			buildConfigurationList = 11FF3D3222A0028100CB6C2F /* Build configuration list for PBXNativeTarget "KTWebView" */;
			buildPhases = (
				11FF3D1C22A0027F00CB6C2F /* Sources */,
				11FF3D1D22A0027F00CB6C2F /* Frameworks */,
				11FF3D1E22A0027F00CB6C2F /* Resources */,
			);
			buildRules = (
			);
			dependencies = (
			);
			name = KTWebView;
			productName = KTWebView;
			productReference = 11FF3D2022A0027F00CB6C2F /* KTWebView.app */;
			productType = "com.apple.product-type.application";
		};
/* End PBXNativeTarget section */

/* Begin PBXProject section */
		11FF3D1822A0027F00CB6C2F /* Project object */ = {
			isa = PBXProject;
			attributes = {
				LastSwiftUpdateCheck = 1000;
				LastUpgradeCheck = 1000;
				ORGANIZATIONNAME = "Jaded developers";
				TargetAttributes = {
					11FF3D1F22A0027F00CB6C2F = {
						CreatedOnToolsVersion = 10.0;
					};
				};
			};
			buildConfigurationList = 11FF3D1B22A0027F00CB6C2F /* Build configuration list for PBXProject "KTWebView" */;
			compatibilityVersion = "Xcode 9.3";
			developmentRegion = en;
			hasScannedForEncodings = 0;
			knownRegions = (
				en,
				Base,
			);
			mainGroup = 11FF3D1722A0027F00CB6C2F;
			productRefGroup = 11FF3D2122A0027F00CB6C2F /* Products */;
			projectDirPath = "";
			projectRoot = "";
			targets = (
				11FF3D1F22A0027F00CB6C2F /* KTWebView */,
			);
		};
/* End PBXProject section */

/* Begin PBXResourcesBuildPhase section */
		11FF3D1E22A0027F00CB6C2F /* Resources */ = {
			isa = PBXResourcesBuildPhase;
			buildActionMask = 2147483647;
			files = (
				11FF3D3C22A0068B00CB6C2F /* ic_back.png in Resources */,
				11FF3D3822A002AE00CB6C2F /* KTWebViewController.xib in Resources */,
				11FF3D2E22A0028100CB6C2F /* LaunchScreen.storyboard in Resources */,
				11FF3D3D22A0068B00CB6C2F /* ic_forward.png in Resources */,
				11FF3D3F22A007AF00CB6C2F /* close.png in Resources */,
				11FF3D4122A009B000CB6C2F /* refresh.png in Resources */,
				11FF3D2B22A0028100CB6C2F /* Assets.xcassets in Resources */,
				11FF3D2922A0027F00CB6C2F /* Main.storyboard in Resources */,
			);
			runOnlyForDeploymentPostprocessing = 0;
		};
/* End PBXResourcesBuildPhase section */

/* Begin PBXSourcesBuildPhase section */
		11FF3D1C22A0027F00CB6C2F /* Sources */ = {
			isa = PBXSourcesBuildPhase;
			buildActionMask = 2147483647;
			files = (
				11FF3D3722A002AE00CB6C2F /* KTWebViewController.swift in Sources */,
				11FF3D2622A0027F00CB6C2F /* ViewController.swift in Sources */,
				11FF3D2422A0027F00CB6C2F /* AppDelegate.swift in Sources */,
			);
			runOnlyForDeploymentPostprocessing = 0;
		};
/* End PBXSourcesBuildPhase section */

/* Begin PBXVariantGroup section */
		11FF3D2722A0027F00CB6C2F /* Main.storyboard */ = {
			isa = PBXVariantGroup;
			children = (
				11FF3D2822A0027F00CB6C2F /* Base */,
			);
			name = Main.storyboard;
			sourceTree = "<group>";
		};
		11FF3D2C22A0028100CB6C2F /* LaunchScreen.storyboard */ = {
			isa = PBXVariantGroup;
			children = (
				11FF3D2D22A0028100CB6C2F /* Base */,
			);
			name = LaunchScreen.storyboard;
			sourceTree = "<group>";
		};
/* End PBXVariantGroup section */

/* Begin XCBuildConfiguration section */
		11FF3D3022A0028100CB6C2F /* Debug */ = {
			isa = XCBuildConfiguration;
			buildSettings = {
				ALWAYS_SEARCH_USER_PATHS = NO;
				CLANG_ANALYZER_NONNULL = YES;
				CLANG_ANALYZER_NUMBER_OBJECT_CONVERSION = YES_AGGRESSIVE;
				CLANG_CXX_LANGUAGE_STANDARD = "gnu++14";
				CLANG_CXX_LIBRARY = "libc++";
				CLANG_ENABLE_MODULES = YES;
				CLANG_ENABLE_OBJC_ARC = YES;
				CLANG_ENABLE_OBJC_WEAK = YES;
				CLANG_WARN_BLOCK_CAPTURE_AUTORELEASING = YES;
				CLANG_WARN_BOOL_CONVERSION = YES;
				CLANG_WARN_COMMA = YES;
				CLANG_WARN_CONSTANT_CONVERSION = YES;
				CLANG_WARN_DEPRECATED_OBJC_IMPLEMENTATIONS = YES;
				CLANG_WARN_DIRECT_OBJC_ISA_USAGE = YES_ERROR;
				CLANG_WARN_DOCUMENTATION_COMMENTS = YES;
				CLANG_WARN_EMPTY_BODY = YES;
				CLANG_WARN_ENUM_CONVERSION = YES;
				CLANG_WARN_INFINITE_RECURSION = YES;
				CLANG_WARN_INT_CONVERSION = YES;
				CLANG_WARN_NON_LITERAL_NULL_CONVERSION = YES;
				CLANG_WARN_OBJC_IMPLICIT_RETAIN_SELF = YES;
				CLANG_WARN_OBJC_LITERAL_CONVERSION = YES;
				CLANG_WARN_OBJC_ROOT_CLASS = YES_ERROR;
				CLANG_WARN_RANGE_LOOP_ANALYSIS = YES;
				CLANG_WARN_STRICT_PROTOTYPES = YES;
				CLANG_WARN_SUSPICIOUS_MOVE = YES;
				CLANG_WARN_UNGUARDED_AVAILABILITY = YES_AGGRESSIVE;
				CLANG_WARN_UNREACHABLE_CODE = YES;
				CLANG_WARN__DUPLICATE_METHOD_MATCH = YES;
				CODE_SIGN_IDENTITY = "iPhone Developer";
				COPY_PHASE_STRIP = NO;
				DEBUG_INFORMATION_FORMAT = dwarf;
				ENABLE_STRICT_OBJC_MSGSEND = YES;
				ENABLE_TESTABILITY = YES;
				GCC_C_LANGUAGE_STANDARD = gnu11;
				GCC_DYNAMIC_NO_PIC = NO;
				GCC_NO_COMMON_BLOCKS = YES;
				GCC_OPTIMIZATION_LEVEL = 0;
				GCC_PREPROCESSOR_DEFINITIONS = (
					"DEBUG=1",
					"$(inherited)",
				);
				GCC_WARN_64_TO_32_BIT_CONVERSION = YES;
				GCC_WARN_ABOUT_RETURN_TYPE = YES_ERROR;
				GCC_WARN_UNDECLARED_SELECTOR = YES;
				GCC_WARN_UNINITIALIZED_AUTOS = YES_AGGRESSIVE;
				GCC_WARN_UNUSED_FUNCTION = YES;
				GCC_WARN_UNUSED_VARIABLE = YES;
				IPHONEOS_DEPLOYMENT_TARGET = 12.0;
				MTL_ENABLE_DEBUG_INFO = INCLUDE_SOURCE;
				MTL_FAST_MATH = YES;
				ONLY_ACTIVE_ARCH = YES;
				SDKROOT = iphoneos;
				SWIFT_ACTIVE_COMPILATION_CONDITIONS = DEBUG;
				SWIFT_OPTIMIZATION_LEVEL = "-Onone";
			};
			name = Debug;
		};
		11FF3D3122A0028100CB6C2F /* Release */ = {
			isa = XCBuildConfiguration;
			buildSettings = {
				ALWAYS_SEARCH_USER_PATHS = NO;
				CLANG_ANALYZER_NONNULL = YES;
				CLANG_ANALYZER_NUMBER_OBJECT_CONVERSION = YES_AGGRESSIVE;
				CLANG_CXX_LANGUAGE_STANDARD = "gnu++14";
				CLANG_CXX_LIBRARY = "libc++";
				CLANG_ENABLE_MODULES = YES;
				CLANG_ENABLE_OBJC_ARC = YES;
				CLANG_ENABLE_OBJC_WEAK = YES;
				CLANG_WARN_BLOCK_CAPTURE_AUTORELEASING = YES;
				CLANG_WARN_BOOL_CONVERSION = YES;
				CLANG_WARN_COMMA = YES;
				CLANG_WARN_CONSTANT_CONVERSION = YES;
				CLANG_WARN_DEPRECATED_OBJC_IMPLEMENTATIONS = YES;
				CLANG_WARN_DIRECT_OBJC_ISA_USAGE = YES_ERROR;
				CLANG_WARN_DOCUMENTATION_COMMENTS = YES;
				CLANG_WARN_EMPTY_BODY = YES;
				CLANG_WARN_ENUM_CONVERSION = YES;
				CLANG_WARN_INFINITE_RECURSION = YES;
				CLANG_WARN_INT_CONVERSION = YES;
				CLANG_WARN_NON_LITERAL_NULL_CONVERSION = YES;
				CLANG_WARN_OBJC_IMPLICIT_RETAIN_SELF = YES;
				CLANG_WARN_OBJC_LITERAL_CONVERSION = YES;
				CLANG_WARN_OBJC_ROOT_CLASS = YES_ERROR;
				CLANG_WARN_RANGE_LOOP_ANALYSIS = YES;
				CLANG_WARN_STRICT_PROTOTYPES = YES;
				CLANG_WARN_SUSPICIOUS_MOVE = YES;
				CLANG_WARN_UNGUARDED_AVAILABILITY = YES_AGGRESSIVE;
				CLANG_WARN_UNREACHABLE_CODE = YES;
				CLANG_WARN__DUPLICATE_METHOD_MATCH = YES;
				CODE_SIGN_IDENTITY = "iPhone Developer";
				COPY_PHASE_STRIP = NO;
				DEBUG_INFORMATION_FORMAT = "dwarf-with-dsym";
				ENABLE_NS_ASSERTIONS = NO;
				ENABLE_STRICT_OBJC_MSGSEND = YES;
				GCC_C_LANGUAGE_STANDARD = gnu11;
				GCC_NO_COMMON_BLOCKS = YES;
				GCC_WARN_64_TO_32_BIT_CONVERSION = YES;
				GCC_WARN_ABOUT_RETURN_TYPE = YES_ERROR;
				GCC_WARN_UNDECLARED_SELECTOR = YES;
				GCC_WARN_UNINITIALIZED_AUTOS = YES_AGGRESSIVE;
				GCC_WARN_UNUSED_FUNCTION = YES;
				GCC_WARN_UNUSED_VARIABLE = YES;
				IPHONEOS_DEPLOYMENT_TARGET = 12.0;
				MTL_ENABLE_DEBUG_INFO = NO;
				MTL_FAST_MATH = YES;
				SDKROOT = iphoneos;
				SWIFT_COMPILATION_MODE = wholemodule;
				SWIFT_OPTIMIZATION_LEVEL = "-O";
				VALIDATE_PRODUCT = YES;
			};
			name = Release;
		};
		11FF3D3322A0028100CB6C2F /* Debug */ = {
			isa = XCBuildConfiguration;
			buildSettings = {
				ASSETCATALOG_COMPILER_APPICON_NAME = AppIcon;
				CODE_SIGN_IDENTITY = "iPhone Developer";
				CODE_SIGN_STYLE = Manual;
				DEVELOPMENT_TEAM = "";
				INFOPLIST_FILE = KTWebView/Info.plist;
				LD_RUNPATH_SEARCH_PATHS = (
					"$(inherited)",
					"@executable_path/Frameworks",
				);
				PRODUCT_BUNDLE_IDENTIFIER = com.jaded.ktwebview;
				PRODUCT_NAME = "$(TARGET_NAME)";
				PROVISIONING_PROFILE_SPECIFIER = "";
				SWIFT_VERSION = 4.2;
				TARGETED_DEVICE_FAMILY = "1,2";
			};
			name = Debug;
		};
		11FF3D3422A0028100CB6C2F /* Release */ = {
			isa = XCBuildConfiguration;
			buildSettings = {
				ASSETCATALOG_COMPILER_APPICON_NAME = AppIcon;
				CODE_SIGN_IDENTITY = "iPhone Developer";
				CODE_SIGN_STYLE = Manual;
				DEVELOPMENT_TEAM = "";
				INFOPLIST_FILE = KTWebView/Info.plist;
				LD_RUNPATH_SEARCH_PATHS = (
					"$(inherited)",
					"@executable_path/Frameworks",
				);
				PRODUCT_BUNDLE_IDENTIFIER = com.jaded.ktwebview;
				PRODUCT_NAME = "$(TARGET_NAME)";
				PROVISIONING_PROFILE_SPECIFIER = "";
				SWIFT_VERSION = 4.2;
				TARGETED_DEVICE_FAMILY = "1,2";
			};
			name = Release;
		};
/* End XCBuildConfiguration section */

/* Begin XCConfigurationList section */
		11FF3D1B22A0027F00CB6C2F /* Build configuration list for PBXProject "KTWebView" */ = {
			isa = XCConfigurationList;
			buildConfigurations = (
				11FF3D3022A0028100CB6C2F /* Debug */,
				11FF3D3122A0028100CB6C2F /* Release */,
			);
			defaultConfigurationIsVisible = 0;
			defaultConfigurationName = Release;
		};
		11FF3D3222A0028100CB6C2F /* Build configuration list for PBXNativeTarget "KTWebView" */ = {
			isa = XCConfigurationList;
			buildConfigurations = (
				11FF3D3322A0028100CB6C2F /* Debug */,
				11FF3D3422A0028100CB6C2F /* Release */,
			);
			defaultConfigurationIsVisible = 0;
			defaultConfigurationName = Release;
		};
/* End XCConfigurationList section */
	};
	rootObject = 11FF3D1822A0027F00CB6C2F /* Project object */;
}
